
Microsoft Visual Studio Solution File, Format Version 12.00
# Visual Studio Version 17
VisualStudioVersion = 17.6.33815.320
MinimumVisualStudioVersion = 10.0.40219.1
Project("{8BC9CEB8-8B4A-11D0-8D11-00A0C91BC942}") = "prac1", "prac1\prac1.vcxproj", "{3194F6B7-BB2B-4BE2-A0AD-265E2318EC57}"
EndProject
Project("{8BC9CEB8-8B4A-11D0-8D11-00A0C91BC942}") = "prac2", "prac2\prac2.vcxproj", "{4E602D85-3D6C-46AF-9D53-0D2001D4F9C9}"
EndProject
Global
	GlobalSection(SolutionConfigurationPlatforms) = preSolution
		Debug|x64 = Debug|x64
		Debug|x86 = Debug|x86
		Release|x64 = Release|x64
		Release|x86 = Release|x86
	EndGlobalSection
	GlobalSection(ProjectConfigurationPlatforms) = postSolution
		{3194F6B7-BB2B-4BE2-A0AD-265E2318EC57}.Debug|x64.ActiveCfg = Debug|x64
		{3194F6B7-BB2B-4BE2-A0AD-265E2318EC57}.Debug|x64.Build.0 = Debug|x64
		{3194F6B7-BB2B-4BE2-A0AD-265E2318EC57}.Debug|x86.ActiveCfg = Debug|Win32
		{3194F6B7-BB2B-4BE2-A0AD-265E2318EC57}.Debug|x86.Build.0 = Debug|Win32
		{3194F6B7-BB2B-4BE2-A0AD-265E2318EC57}.Release|x64.ActiveCfg = Release|x64
		{3194F6B7-BB2B-4BE2-A0AD-265E2318EC57}.Release|x64.Build.0 = Release|x64
		{3194F6B7-BB2B-4BE2-A0AD-265E2318EC57}.Release|x86.ActiveCfg = Release|Win32
		{3194F6B7-BB2B-4BE2-A0AD-265E2318EC57}.Release|x86.Build.0 = Release|Win32
		{4E602D85-3D6C-46AF-9D53-0D2001D4F9C9}.Debug|x64.ActiveCfg = Debug|x64
		{4E602D85-3D6C-46AF-9D53-0D2001D4F9C9}.Debug|x64.Build.0 = Debug|x64
		{4E602D85-3D6C-46AF-9D53-0D2001D4F9C9}.Debug|x86.ActiveCfg = Debug|Win32
		{4E602D85-3D6C-46AF-9D53-0D2001D4F9C9}.Debug|x86.Build.0 = Debug|Win32
		{4E602D85-3D6C-46AF-9D53-0D2001D4F9C9}.Release|x64.ActiveCfg = Release|x64
		{4E602D85-3D6C-46AF-9D53-0D2001D4F9C9}.Release|x64.Build.0 = Release|x64
		{4E602D85-3D6C-46AF-9D53-0D2001D4F9C9}.Release|x86.ActiveCfg = Release|Win32
		{4E602D85-3D6C-46AF-9D53-0D2001D4F9C9}.Release|x86.Build.0 = Release|Win32
	EndGlobalSection
	GlobalSection(SolutionProperties) = preSolution
		HideSolutionNode = FALSE
	EndGlobalSection
	GlobalSection(ExtensibilityGlobals) = postSolution
		SolutionGuid = {FA57DC80-4CC1-4698-BCA2-A5F907542495}
	EndGlobalSection
EndGlobal
